{
  "name": "miniprogram-2",
  "version": "1.0.0",
  "lockfileVersion": 1,
  "requires": true,
  "dependencies": {
    "@tencentcloud/call-uikit-vue": {
      "version": "1.3.2",
      "resolved": "https://nexus.guokang.com/repository/guokang-npm/@tencentcloud/call-uikit-vue/-/call-uikit-vue-1.3.2.tgz",
      "integrity": "sha512-cNgZleihRDCdo2Qk2uSXsPscas9hMIeNT4rJonGM3sf3eytgPDw69V6RahAhoYBjK3FP6FRnufRUooNK1rrOsQ==",
      "requires": {
        "aegis-web-sdk": "^1.36.4",
        "tim-js-sdk": "^2.24.1",
        "trtc-js-sdk": "^4.14.6",
        "tsignaling": "^1.0.1",
        "tuicall-engine-webrtc": "^1.2.1"
      }
    },
    "@tencentcloud/call-uikit-wechat": {
      "version": "1.1.2",
      "resolved": "https://nexus.guokang.com/repository/guokang-npm/@tencentcloud/call-uikit-wechat/-/call-uikit-wechat-1.1.2.tgz",
      "integrity": "sha512-HizXhGz6u0Y2qQsAzYHUMgb8DV0czKI/zBn8OVASPUPuFUFetn6MO3syl5HhLM9Ig6aj2syU0wQrNj+i/kAfKw=="
    },
    "@tencentcloud/chat-uikit-wechat": {
      "version": "1.0.8",
      "resolved": "https://nexus.guokang.com/repository/guokang-npm/@tencentcloud/chat-uikit-wechat/-/chat-uikit-wechat-1.0.8.tgz",
      "integrity": "sha512-ZY9b1r12jZdt99IoqXXricomfOqVT47igRu/sNbW1UtE9IlGkIeK0gOMS80axZ/SWwMaL8wTXZnL9TQPj9jmwQ=="
    },
    "aegis-web-sdk": {
      "version": "1.36.5",
      "resolved": "https://nexus.guokang.com/repository/guokang-npm/aegis-web-sdk/-/aegis-web-sdk-1.36.5.tgz",
      "integrity": "sha512-p+gkQyM3kNd9xjCIKhcCNJ2FwVLRJz8UV2edsxiOfF0VOVHE29eCcxp1KCpYbzY5NdXF8iSBWqv/zinDfNBxIQ==",
      "requires": {
        "web-vitals": "^1.1.2"
      }
    },
    "rtc-ai-denoiser": {
      "version": "1.1.2",
      "resolved": "https://nexus.guokang.com/repository/guokang-npm/rtc-ai-denoiser/-/rtc-ai-denoiser-1.1.2.tgz",
      "integrity": "sha512-CquTEKhed8XT7Bf2M5NdTrejfS+in/GT+rqszn/+eSKZH6bP20mUEGvGgrrY7fubTjE40+eTkrIfKO9Tg0NZYA=="
    },
    "tim-js-sdk": {
      "version": "2.25.0",
      "resolved": "https://nexus.guokang.com/repository/guokang-npm/tim-js-sdk/-/tim-js-sdk-2.25.0.tgz",
      "integrity": "sha512-svtXOkMAODzrVnHeaYIZeICAvK+eSRCtVK0QpI/OJRCRgQ86FRH+tIEG4uuWTTi2i7ztrDOds0D9ypgd6/uq6Q=="
    },
    "trtc-js-sdk": {
      "version": "4.15.1",
      "resolved": "https://nexus.guokang.com/repository/guokang-npm/trtc-js-sdk/-/trtc-js-sdk-4.15.1.tgz",
      "integrity": "sha512-TdCxYbidDX3l0bMsZ8AMl89EG2HQ7n86ijSqqoNnRKbfjZO5QUDCq6e3PxoqOjnPF+u94LtASBUviVyspoLLRA=="
    },
    "tsignaling": {
      "version": "1.0.2",
      "resolved": "https://nexus.guokang.com/repository/guokang-npm/tsignaling/-/tsignaling-1.0.2.tgz",
      "integrity": "sha512-cqV/fvgc8UN7pe2MuAPXxGDa52KT5iFozVnasardO0DkPTWioQHLnsRC9pSae+vYMJUNlkndB4yQpF6nzMKjQw=="
    },
    "tuicall-engine-webrtc": {
      "version": "1.2.1",
      "resolved": "https://nexus.guokang.com/repository/guokang-npm/tuicall-engine-webrtc/-/tuicall-engine-webrtc-1.2.1.tgz",
      "integrity": "sha512-LG4FbsjDrG2asQdnLItuoiLB0zpgdL4wIrK3dkhZXEnvy1hAXmYHZkmIVdxaGu48RCuD0LwfNvWhDFUIthrOOw==",
      "requires": {
        "rtc-ai-denoiser": "^1.1.2"
      }
    },
    "web-vitals": {
      "version": "1.1.2",
      "resolved": "https://nexus.guokang.com/repository/guokang-npm/web-vitals/-/web-vitals-1.1.2.tgz",
      "integrity": "sha512-PFMKIY+bRSXlMxVAQ+m2aw9c/ioUYfDgrYot0YUa+/xa0sakubWhSDyxAKwzymvXVdF4CZI71g06W+mqhzu6ig=="
    }
  }
}
